{
    "_readme": [
        "This file locks the dependencies of your project to a known state",
        "Read more about it at https://getcomposer.org/doc/01-basic-usage.md#installing-dependencies",
        "This file is @generated automatically"
    ],
    "content-hash": "f5418c4532cdfbb49218443cea51f5a4",
    "packages": [
        {
            "name": "mathsgod/array_to_gql",
            "version": "1.0.5",
            "source": {
                "type": "git",
                "url": "https://github.com/mathsgod/array_to_gql.git",
                "reference": "d4a9d942c9bd8023eb79ad16c1c8dbde90150e42"
            },
            "dist": {
                "type": "zip",
                "url": "https://api.github.com/repos/mathsgod/array_to_gql/zipball/d4a9d942c9bd8023eb79ad16c1c8dbde90150e42",
                "reference": "d4a9d942c9bd8023eb79ad16c1c8dbde90150e42",
                "shasum": ""
            },
            "require-dev": {
                "phpunit/phpunit": "^10.5"
            },
            "type": "library",
            "autoload": {
                "files": [
                    "function.php"
                ]
            },
            "notification-url": "https://packagist.org/downloads/",
            "license": [
                "MIT"
            ],
            "authors": [
                {
                    "name": "Raymond Chong",
                    "email": "mathsgod@yahoo.com"
                }
            ],
            "description": "A PHP library for converting PHP arrays to GraphQL query syntax with support for parameters, aliases, and nested structures",
            "keywords": [
                "aliases",
                "array",
                "builder",
                "converter",
                "gql",
                "graphql",
                "graphql-query",
                "parameters",
                "php",
                "query",
                "query-builder"
            ],
            "support": {
                "issues": "https://github.com/mathsgod/array_to_gql/issues",
                "source": "https://github.com/mathsgod/array_to_gql/tree/1.0.5"
            },
            "time": "2025-07-25T05:25:47+00:00"
        }
    ],
    "packages-dev": [],
    "aliases": [],
    "minimum-stability": "stable",
    "stability-flags": {},
    "prefer-stable": false,
    "prefer-lowest": false,
    "platform": {
        "php": "^8.0"
    },
    "platform-dev": {},
    "plugin-api-version": "2.6.0"
}
